
Microsoft Visual Studio Solution File, Format Version 12.00
# Visual Studio Version 17
VisualStudioVersion = 17.11.35303.130
MinimumVisualStudioVersion = 10.0.40219.1
Project("{FAE04EC0-301F-11D3-BF4B-00C04F79EFBC}") = "Pénztár", "Pénztár.csproj", "{39BFC0B8-212B-4902-A26E-A24430CFADFB}"
EndProject
Global
	GlobalSection(SolutionConfigurationPlatforms) = preSolution
		Debug|Any CPU = Debug|Any CPU
		Release|Any CPU = Release|Any CPU
	EndGlobalSection
	GlobalSection(ProjectConfigurationPlatforms) = postSolution
		{39BFC0B8-212B-4902-A26E-A24430CFADFB}.Debug|Any CPU.ActiveCfg = Debug|Any CPU
		{39BFC0B8-212B-4902-A26E-A24430CFADFB}.Debug|Any CPU.Build.0 = Debug|Any CPU
		{39BFC0B8-212B-4902-A26E-A24430CFADFB}.Release|Any CPU.ActiveCfg = Release|Any CPU
		{39BFC0B8-212B-4902-A26E-A24430CFADFB}.Release|Any CPU.Build.0 = Release|Any CPU
	EndGlobalSection
	GlobalSection(SolutionProperties) = preSolution
		HideSolutionNode = FALSE
	EndGlobalSection
	GlobalSection(ExtensibilityGlobals) = postSolution
		SolutionGuid = {FB3A6E8C-323B-43E1-A8B9-DD716371F33E}
	EndGlobalSection
EndGlobal
